
Microsoft Visual Studio Solution File, Format Version 12.00
# Visual Studio 15
VisualStudioVersion = 15.0.27703.2035
MinimumVisualStudioVersion = 10.0.40219.1
Project("{FAE04EC0-301F-11D3-BF4B-00C04F79EFBC}") = "FeiraTecnica", "FeiraTecnica\FeiraTecnica.csproj", "{1E81C006-FF19-4763-AED7-5962AEBADAB6}"
EndProject
Global
	GlobalSection(SolutionConfigurationPlatforms) = preSolution
		Debug|Any CPU = Debug|Any CPU
		Release|Any CPU = Release|Any CPU
	EndGlobalSection
	GlobalSection(ProjectConfigurationPlatforms) = postSolution
		{1E81C006-FF19-4763-AED7-5962AEBADAB6}.Debug|Any CPU.ActiveCfg = Debug|Any CPU
		{1E81C006-FF19-4763-AED7-5962AEBADAB6}.Debug|Any CPU.Build.0 = Debug|Any CPU
		{1E81C006-FF19-4763-AED7-5962AEBADAB6}.Release|Any CPU.ActiveCfg = Release|Any CPU
		{1E81C006-FF19-4763-AED7-5962AEBADAB6}.Release|Any CPU.Build.0 = Release|Any CPU
	EndGlobalSection
	GlobalSection(SolutionProperties) = preSolution
		HideSolutionNode = FALSE
	EndGlobalSection
	GlobalSection(ExtensibilityGlobals) = postSolution
		SolutionGuid = {B069D25D-1E21-45D4-8AF7-FEF2865A2A93}
	EndGlobalSection
EndGlobal
